// !$*UTF8*$!
{
	archiveVersion = 1;
	classes = {
	};
	objectVersion = 55;
	objects = {

/* Begin PBXBuildFile section */
		84B91FDBAE6B0C87BE229B77 /* Pods_NasaPictures.framework in Frameworks */ = {isa = PBXBuildFile; fileRef = 1E7004CE9BEAE9FC1C6F4980 /* Pods_NasaPictures.framework */; };
		B8AAA03627577B4F005C8730 /* AppDelegate.swift in Sources */ = {isa = PBXBuildFile; fileRef = B8AAA03527577B4F005C8730 /* AppDelegate.swift */; };
		B8AAA03F27577B51005C8730 /* Assets.xcassets in Resources */ = {isa = PBXBuildFile; fileRef = B8AAA03E27577B51005C8730 /* Assets.xcassets */; };
		B8AAA04227577B51005C8730 /* LaunchScreen.storyboard in Resources */ = {isa = PBXBuildFile; fileRef = B8AAA04027577B51005C8730 /* LaunchScreen.storyboard */; };
		B8AAA05127577C6D005C8730 /* AppContainer.swift in Sources */ = {isa = PBXBuildFile; fileRef = B8AAA05027577C6D005C8730 /* AppContainer.swift */; };
		B8AAA05327577C75005C8730 /* AppRouter.swift in Sources */ = {isa = PBXBuildFile; fileRef = B8AAA05227577C75005C8730 /* AppRouter.swift */; };
		B8AAA05B27577D0B005C8730 /* UIColorExtension.swift in Sources */ = {isa = PBXBuildFile; fileRef = B8AAA05A27577D0B005C8730 /* UIColorExtension.swift */; };
		B8AAA05D27577D17005C8730 /* UIFontExtension.swift in Sources */ = {isa = PBXBuildFile; fileRef = B8AAA05C27577D17005C8730 /* UIFontExtension.swift */; };
		B8AAA05F27578165005C8730 /* Nasa.ttf in Resources */ = {isa = PBXBuildFile; fileRef = B8AAA05E27578165005C8730 /* Nasa.ttf */; };
		B8AAA06227579E65005C8730 /* AppService.swift in Sources */ = {isa = PBXBuildFile; fileRef = B8AAA06127579E65005C8730 /* AppService.swift */; };
		B8AAA06427579E76005C8730 /* BaseResponseModel.swift in Sources */ = {isa = PBXBuildFile; fileRef = B8AAA06327579E76005C8730 /* BaseResponseModel.swift */; };
		B8AAA06A2757A378005C8730 /* PopupVC.swift in Sources */ = {isa = PBXBuildFile; fileRef = B8AAA0692757A378005C8730 /* PopupVC.swift */; };
		B8AAA06C2757A38E005C8730 /* PopupVC.xib in Resources */ = {isa = PBXBuildFile; fileRef = B8AAA06B2757A38E005C8730 /* PopupVC.xib */; };
		B8AAA0712757BAC0005C8730 /* TabbarVC.swift in Sources */ = {isa = PBXBuildFile; fileRef = B8AAA0702757BAC0005C8730 /* TabbarVC.swift */; };
		B8AAA0732757BADE005C8730 /* TabbarVC.storyboard in Resources */ = {isa = PBXBuildFile; fileRef = B8AAA0722757BADE005C8730 /* TabbarVC.storyboard */; };
		B8AAA0752757BB49005C8730 /* TabbarBuilder.swift in Sources */ = {isa = PBXBuildFile; fileRef = B8AAA0742757BB49005C8730 /* TabbarBuilder.swift */; };
		B8AAA0772757BBA6005C8730 /* CuriosityVC.swift in Sources */ = {isa = PBXBuildFile; fileRef = B8AAA0762757BBA6005C8730 /* CuriosityVC.swift */; };
		B8AAA0792757BBB4005C8730 /* CuriosityVC.storyboard in Resources */ = {isa = PBXBuildFile; fileRef = B8AAA0782757BBB4005C8730 /* CuriosityVC.storyboard */; };
		B8AAA07B2757BBC4005C8730 /* CuriosityBuilder.swift in Sources */ = {isa = PBXBuildFile; fileRef = B8AAA07A2757BBC4005C8730 /* CuriosityBuilder.swift */; };
		B8AAA0832757BC6F005C8730 /* SpiritVC.storyboard in Resources */ = {isa = PBXBuildFile; fileRef = B8AAA0822757BC6F005C8730 /* SpiritVC.storyboard */; };
		B8AAA0852757BC84005C8730 /* SpiritVC.swift in Sources */ = {isa = PBXBuildFile; fileRef = B8AAA0842757BC84005C8730 /* SpiritVC.swift */; };
		B8AAA0872757BC90005C8730 /* SpiritBuilder.swift in Sources */ = {isa = PBXBuildFile; fileRef = B8AAA0862757BC90005C8730 /* SpiritBuilder.swift */; };
		B8AAA08F2757C842005C8730 /* OpportunityVC.storyboard in Resources */ = {isa = PBXBuildFile; fileRef = B8AAA08E2757C842005C8730 /* OpportunityVC.storyboard */; };
		B8AAA0912757C851005C8730 /* OpportunityVC.swift in Sources */ = {isa = PBXBuildFile; fileRef = B8AAA0902757C851005C8730 /* OpportunityVC.swift */; };
		B8AAA0932757C85A005C8730 /* OpportunityBuilder.swift in Sources */ = {isa = PBXBuildFile; fileRef = B8AAA0922757C85A005C8730 /* OpportunityBuilder.swift */; };
		B8E839552757CB0E0040D9E5 /* Result.swift in Sources */ = {isa = PBXBuildFile; fileRef = B8E839542757CB0E0040D9E5 /* Result.swift */; };
		B8E8395B2757F0FF0040D9E5 /* CuriosityNC.swift in Sources */ = {isa = PBXBuildFile; fileRef = B8E8395A2757F0FF0040D9E5 /* CuriosityNC.swift */; };
		B8E8395D2757F8080040D9E5 /* OpportunityNC.swift in Sources */ = {isa = PBXBuildFile; fileRef = B8E8395C2757F8080040D9E5 /* OpportunityNC.swift */; };
		B8E8395F2757F82B0040D9E5 /* SpiritNC.swift in Sources */ = {isa = PBXBuildFile; fileRef = B8E8395E2757F82B0040D9E5 /* SpiritNC.swift */; };
		B8E839612757FACA0040D9E5 /* CuriosityViewModel.swift in Sources */ = {isa = PBXBuildFile; fileRef = B8E839602757FACA0040D9E5 /* CuriosityViewModel.swift */; };
		B8E839632757FADD0040D9E5 /* CuriosityModel.swift in Sources */ = {isa = PBXBuildFile; fileRef = B8E839622757FADD0040D9E5 /* CuriosityModel.swift */; };
		B8E839662757FB100040D9E5 /* CuriosityContracts.swift in Sources */ = {isa = PBXBuildFile; fileRef = B8E839652757FB100040D9E5 /* CuriosityContracts.swift */; };
		B8E839692757FD500040D9E5 /* CollectionViewCell.xib in Resources */ = {isa = PBXBuildFile; fileRef = B8E839682757FD500040D9E5 /* CollectionViewCell.xib */; };
		B8E8396B2757FD620040D9E5 /* CollectionViewCell.swift in Sources */ = {isa = PBXBuildFile; fileRef = B8E8396A2757FD620040D9E5 /* CollectionViewCell.swift */; };
/* End PBXBuildFile section */

/* Begin PBXFileReference section */
		1E7004CE9BEAE9FC1C6F4980 /* Pods_NasaPictures.framework */ = {isa = PBXFileReference; explicitFileType = wrapper.framework; includeInIndex = 0; path = Pods_NasaPictures.framework; sourceTree = BUILT_PRODUCTS_DIR; };
		34C03DCE8FC933AC976F2628 /* Pods-NasaPictures.debug.xcconfig */ = {isa = PBXFileReference; includeInIndex = 1; lastKnownFileType = text.xcconfig; name = "Pods-NasaPictures.debug.xcconfig"; path = "Target Support Files/Pods-NasaPictures/Pods-NasaPictures.debug.xcconfig"; sourceTree = "<group>"; };
		69D9FC98CEE1BE85C7DBE9E5 /* Pods-NasaPictures.release.xcconfig */ = {isa = PBXFileReference; includeInIndex = 1; lastKnownFileType = text.xcconfig; name = "Pods-NasaPictures.release.xcconfig"; path = "Target Support Files/Pods-NasaPictures/Pods-NasaPictures.release.xcconfig"; sourceTree = "<group>"; };
		B8AAA03227577B4F005C8730 /* NasaPictures.app */ = {isa = PBXFileReference; explicitFileType = wrapper.application; includeInIndex = 0; path = NasaPictures.app; sourceTree = BUILT_PRODUCTS_DIR; };
		B8AAA03527577B4F005C8730 /* AppDelegate.swift */ = {isa = PBXFileReference; lastKnownFileType = sourcecode.swift; path = AppDelegate.swift; sourceTree = "<group>"; };
		B8AAA03E27577B51005C8730 /* Assets.xcassets */ = {isa = PBXFileReference; lastKnownFileType = folder.assetcatalog; path = Assets.xcassets; sourceTree = "<group>"; };
		B8AAA04127577B51005C8730 /* Base */ = {isa = PBXFileReference; lastKnownFileType = file.storyboard; name = Base; path = Base.lproj/LaunchScreen.storyboard; sourceTree = "<group>"; };
		B8AAA04327577B51005C8730 /* Info.plist */ = {isa = PBXFileReference; lastKnownFileType = text.plist.xml; path = Info.plist; sourceTree = "<group>"; };
		B8AAA05027577C6D005C8730 /* AppContainer.swift */ = {isa = PBXFileReference; lastKnownFileType = sourcecode.swift; path = AppContainer.swift; sourceTree = "<group>"; };
		B8AAA05227577C75005C8730 /* AppRouter.swift */ = {isa = PBXFileReference; lastKnownFileType = sourcecode.swift; path = AppRouter.swift; sourceTree = "<group>"; };
		B8AAA05A27577D0B005C8730 /* UIColorExtension.swift */ = {isa = PBXFileReference; lastKnownFileType = sourcecode.swift; path = UIColorExtension.swift; sourceTree = "<group>"; };
		B8AAA05C27577D17005C8730 /* UIFontExtension.swift */ = {isa = PBXFileReference; lastKnownFileType = sourcecode.swift; path = UIFontExtension.swift; sourceTree = "<group>"; };
		B8AAA05E27578165005C8730 /* Nasa.ttf */ = {isa = PBXFileReference; lastKnownFileType = file; path = Nasa.ttf; sourceTree = "<group>"; };
		B8AAA06127579E65005C8730 /* AppService.swift */ = {isa = PBXFileReference; lastKnownFileType = sourcecode.swift; path = AppService.swift; sourceTree = "<group>"; };
		B8AAA06327579E76005C8730 /* BaseResponseModel.swift */ = {isa = PBXFileReference; lastKnownFileType = sourcecode.swift; path = BaseResponseModel.swift; sourceTree = "<group>"; };
		B8AAA0692757A378005C8730 /* PopupVC.swift */ = {isa = PBXFileReference; lastKnownFileType = sourcecode.swift; path = PopupVC.swift; sourceTree = "<group>"; };
		B8AAA06B2757A38E005C8730 /* PopupVC.xib */ = {isa = PBXFileReference; lastKnownFileType = file.xib; path = PopupVC.xib; sourceTree = "<group>"; };
		B8AAA0702757BAC0005C8730 /* TabbarVC.swift */ = {isa = PBXFileReference; lastKnownFileType = sourcecode.swift; path = TabbarVC.swift; sourceTree = "<group>"; };
		B8AAA0722757BADE005C8730 /* TabbarVC.storyboard */ = {isa = PBXFileReference; lastKnownFileType = file.storyboard; path = TabbarVC.storyboard; sourceTree = "<group>"; };
		B8AAA0742757BB49005C8730 /* TabbarBuilder.swift */ = {isa = PBXFileReference; lastKnownFileType = sourcecode.swift; path = TabbarBuilder.swift; sourceTree = "<group>"; };
		B8AAA0762757BBA6005C8730 /* CuriosityVC.swift */ = {isa = PBXFileReference; lastKnownFileType = sourcecode.swift; path = CuriosityVC.swift; sourceTree = "<group>"; };
		B8AAA0782757BBB4005C8730 /* CuriosityVC.storyboard */ = {isa = PBXFileReference; lastKnownFileType = file.storyboard; path = CuriosityVC.storyboard; sourceTree = "<group>"; };
		B8AAA07A2757BBC4005C8730 /* CuriosityBuilder.swift */ = {isa = PBXFileReference; lastKnownFileType = sourcecode.swift; path = CuriosityBuilder.swift; sourceTree = "<group>"; };
		B8AAA0822757BC6F005C8730 /* SpiritVC.storyboard */ = {isa = PBXFileReference; lastKnownFileType = file.storyboard; path = SpiritVC.storyboard; sourceTree = "<group>"; };
		B8AAA0842757BC84005C8730 /* SpiritVC.swift */ = {isa = PBXFileReference; lastKnownFileType = sourcecode.swift; path = SpiritVC.swift; sourceTree = "<group>"; };
		B8AAA0862757BC90005C8730 /* SpiritBuilder.swift */ = {isa = PBXFileReference; lastKnownFileType = sourcecode.swift; path = SpiritBuilder.swift; sourceTree = "<group>"; };
		B8AAA08E2757C842005C8730 /* OpportunityVC.storyboard */ = {isa = PBXFileReference; lastKnownFileType = file.storyboard; path = OpportunityVC.storyboard; sourceTree = "<group>"; };
		B8AAA0902757C851005C8730 /* OpportunityVC.swift */ = {isa = PBXFileReference; lastKnownFileType = sourcecode.swift; path = OpportunityVC.swift; sourceTree = "<group>"; };
		B8AAA0922757C85A005C8730 /* OpportunityBuilder.swift */ = {isa = PBXFileReference; lastKnownFileType = sourcecode.swift; path = OpportunityBuilder.swift; sourceTree = "<group>"; };
		B8E839542757CB0E0040D9E5 /* Result.swift */ = {isa = PBXFileReference; lastKnownFileType = sourcecode.swift; path = Result.swift; sourceTree = "<group>"; };
		B8E8395A2757F0FF0040D9E5 /* CuriosityNC.swift */ = {isa = PBXFileReference; lastKnownFileType = sourcecode.swift; path = CuriosityNC.swift; sourceTree = "<group>"; };
		B8E8395C2757F8080040D9E5 /* OpportunityNC.swift */ = {isa = PBXFileReference; lastKnownFileType = sourcecode.swift; path = OpportunityNC.swift; sourceTree = "<group>"; };
		B8E8395E2757F82B0040D9E5 /* SpiritNC.swift */ = {isa = PBXFileReference; lastKnownFileType = sourcecode.swift; path = SpiritNC.swift; sourceTree = "<group>"; };
		B8E839602757FACA0040D9E5 /* CuriosityViewModel.swift */ = {isa = PBXFileReference; lastKnownFileType = sourcecode.swift; path = CuriosityViewModel.swift; sourceTree = "<group>"; };
		B8E839622757FADD0040D9E5 /* CuriosityModel.swift */ = {isa = PBXFileReference; lastKnownFileType = sourcecode.swift; path = CuriosityModel.swift; sourceTree = "<group>"; };
		B8E839652757FB100040D9E5 /* CuriosityContracts.swift */ = {isa = PBXFileReference; lastKnownFileType = sourcecode.swift; path = CuriosityContracts.swift; sourceTree = "<group>"; };
		B8E839682757FD500040D9E5 /* CollectionViewCell.xib */ = {isa = PBXFileReference; lastKnownFileType = file.xib; path = CollectionViewCell.xib; sourceTree = "<group>"; };
		B8E8396A2757FD620040D9E5 /* CollectionViewCell.swift */ = {isa = PBXFileReference; lastKnownFileType = sourcecode.swift; path = CollectionViewCell.swift; sourceTree = "<group>"; };
/* End PBXFileReference section */

/* Begin PBXFrameworksBuildPhase section */
		B8AAA02F27577B4F005C8730 /* Frameworks */ = {
			isa = PBXFrameworksBuildPhase;
			buildActionMask = 2147483647;
			files = (
				84B91FDBAE6B0C87BE229B77 /* Pods_NasaPictures.framework in Frameworks */,
			);
			runOnlyForDeploymentPostprocessing = 0;
		};
/* End PBXFrameworksBuildPhase section */

/* Begin PBXGroup section */
		211818C1CFB65AE018A92981 /* Pods */ = {
			isa = PBXGroup;
			children = (
				34C03DCE8FC933AC976F2628 /* Pods-NasaPictures.debug.xcconfig */,
				69D9FC98CEE1BE85C7DBE9E5 /* Pods-NasaPictures.release.xcconfig */,
			);
			path = Pods;
			sourceTree = "<group>";
		};
		97EC2557EB100D49EBB5EB6A /* Frameworks */ = {
			isa = PBXGroup;
			children = (
				1E7004CE9BEAE9FC1C6F4980 /* Pods_NasaPictures.framework */,
			);
			name = Frameworks;
			sourceTree = "<group>";
		};
		B8AAA02927577B4F005C8730 = {
			isa = PBXGroup;
			children = (
				B8AAA03427577B4F005C8730 /* NasaPictures */,
				B8AAA03327577B4F005C8730 /* Products */,
				211818C1CFB65AE018A92981 /* Pods */,
				97EC2557EB100D49EBB5EB6A /* Frameworks */,
			);
			sourceTree = "<group>";
		};
		B8AAA03327577B4F005C8730 /* Products */ = {
			isa = PBXGroup;
			children = (
				B8AAA03227577B4F005C8730 /* NasaPictures.app */,
			);
			name = Products;
			sourceTree = "<group>";
		};
		B8AAA03427577B4F005C8730 /* NasaPictures */ = {
			isa = PBXGroup;
			children = (
				B8AAA04927577B69005C8730 /* App */,
				B8AAA04B27577B7A005C8730 /* Scenes */,
				B8AAA04E27577B82005C8730 /* Views */,
				B8AAA06027579E3C005C8730 /* BaseService */,
				B8AAA04C27577B7D005C8730 /* Resources */,
				B8AAA04D27577B80005C8730 /* SupportingFiles */,
			);
			path = NasaPictures;
			sourceTree = "<group>";
		};
		B8AAA04927577B69005C8730 /* App */ = {
			isa = PBXGroup;
			children = (
				B8AAA03527577B4F005C8730 /* AppDelegate.swift */,
				B8AAA05027577C6D005C8730 /* AppContainer.swift */,
				B8AAA05227577C75005C8730 /* AppRouter.swift */,
			);
			path = App;
			sourceTree = "<group>";
		};
		B8AAA04B27577B7A005C8730 /* Scenes */ = {
			isa = PBXGroup;
			children = (
				B8AAA06D2757A45B005C8730 /* Tabbar */,
				B8AAA0652757A34C005C8730 /* Curiosity */,
				B8AAA0662757A351005C8730 /* Opportunity */,
				B8AAA0672757A354005C8730 /* Spirit */,
			);
			path = Scenes;
			sourceTree = "<group>";
		};
		B8AAA04C27577B7D005C8730 /* Resources */ = {
			isa = PBXGroup;
			children = (
				B8AAA03E27577B51005C8730 /* Assets.xcassets */,
				B8AAA05927577CE2005C8730 /* Fonts */,
				B8AAA05427577CB7005C8730 /* Extensions */,
			);
			path = Resources;
			sourceTree = "<group>";
		};
		B8AAA04D27577B80005C8730 /* SupportingFiles */ = {
			isa = PBXGroup;
			children = (
				B8AAA04027577B51005C8730 /* LaunchScreen.storyboard */,
				B8AAA04327577B51005C8730 /* Info.plist */,
			);
			path = SupportingFiles;
			sourceTree = "<group>";
		};
		B8AAA04E27577B82005C8730 /* Views */ = {
			isa = PBXGroup;
			children = (
				B8E839672757FD3E0040D9E5 /* CollectionViewCell */,
				B8AAA0682757A35A005C8730 /* Popup */,
			);
			path = Views;
			sourceTree = "<group>";
		};
		B8AAA05427577CB7005C8730 /* Extensions */ = {
			isa = PBXGroup;
			children = (
				B8AAA05A27577D0B005C8730 /* UIColorExtension.swift */,
				B8AAA05C27577D17005C8730 /* UIFontExtension.swift */,
			);
			path = Extensions;
			sourceTree = "<group>";
		};
		B8AAA05927577CE2005C8730 /* Fonts */ = {
			isa = PBXGroup;
			children = (
				B8AAA05E27578165005C8730 /* Nasa.ttf */,
			);
			path = Fonts;
			sourceTree = "<group>";
		};
		B8AAA06027579E3C005C8730 /* BaseService */ = {
			isa = PBXGroup;
			children = (
				B8AAA06127579E65005C8730 /* AppService.swift */,
				B8AAA06327579E76005C8730 /* BaseResponseModel.swift */,
				B8E839542757CB0E0040D9E5 /* Result.swift */,
			);
			path = BaseService;
			sourceTree = "<group>";
		};
		B8AAA0652757A34C005C8730 /* Curiosity */ = {
			isa = PBXGroup;
			children = (
				B8AAA0782757BBB4005C8730 /* CuriosityVC.storyboard */,
				B8E8395A2757F0FF0040D9E5 /* CuriosityNC.swift */,
				B8AAA0762757BBA6005C8730 /* CuriosityVC.swift */,
				B8AAA07A2757BBC4005C8730 /* CuriosityBuilder.swift */,
				B8E839602757FACA0040D9E5 /* CuriosityViewModel.swift */,
				B8E839622757FADD0040D9E5 /* CuriosityModel.swift */,
				B8E839652757FB100040D9E5 /* CuriosityContracts.swift */,
			);
			path = Curiosity;
			sourceTree = "<group>";
		};
		B8AAA0662757A351005C8730 /* Opportunity */ = {
			isa = PBXGroup;
			children = (
				B8AAA08E2757C842005C8730 /* OpportunityVC.storyboard */,
				B8E8395C2757F8080040D9E5 /* OpportunityNC.swift */,
				B8AAA0902757C851005C8730 /* OpportunityVC.swift */,
				B8AAA0922757C85A005C8730 /* OpportunityBuilder.swift */,
			);
			path = Opportunity;
			sourceTree = "<group>";
		};
		B8AAA0672757A354005C8730 /* Spirit */ = {
			isa = PBXGroup;
			children = (
				B8AAA0822757BC6F005C8730 /* SpiritVC.storyboard */,
				B8E8395E2757F82B0040D9E5 /* SpiritNC.swift */,
				B8AAA0842757BC84005C8730 /* SpiritVC.swift */,
				B8AAA0862757BC90005C8730 /* SpiritBuilder.swift */,
			);
			path = Spirit;
			sourceTree = "<group>";
		};
		B8AAA0682757A35A005C8730 /* Popup */ = {
			isa = PBXGroup;
			children = (
				B8AAA06B2757A38E005C8730 /* PopupVC.xib */,
				B8AAA0692757A378005C8730 /* PopupVC.swift */,
			);
			path = Popup;
			sourceTree = "<group>";
		};
		B8AAA06D2757A45B005C8730 /* Tabbar */ = {
			isa = PBXGroup;
			children = (
				B8AAA0722757BADE005C8730 /* TabbarVC.storyboard */,
				B8AAA0702757BAC0005C8730 /* TabbarVC.swift */,
				B8AAA0742757BB49005C8730 /* TabbarBuilder.swift */,
			);
			path = Tabbar;
			sourceTree = "<group>";
		};
		B8E839672757FD3E0040D9E5 /* CollectionViewCell */ = {
			isa = PBXGroup;
			children = (
				B8E839682757FD500040D9E5 /* CollectionViewCell.xib */,
				B8E8396A2757FD620040D9E5 /* CollectionViewCell.swift */,
			);
			path = CollectionViewCell;
			sourceTree = "<group>";
		};
/* End PBXGroup section */

/* Begin PBXNativeTarget section */
		B8AAA03127577B4F005C8730 /* NasaPictures */ = {
			isa = PBXNativeTarget;
			buildConfigurationList = B8AAA04627577B51005C8730 /* Build configuration list for PBXNativeTarget "NasaPictures" */;
			buildPhases = (
				014038E9DB226CA4EE3B2CE9 /* [CP] Check Pods Manifest.lock */,
				B8AAA02E27577B4F005C8730 /* Sources */,
				B8AAA02F27577B4F005C8730 /* Frameworks */,
				B8AAA03027577B4F005C8730 /* Resources */,
				28C6AF4D1FB15D225506F450 /* [CP] Embed Pods Frameworks */,
			);
			buildRules = (
			);
			dependencies = (
			);
			name = NasaPictures;
			productName = NasaPictures;
			productReference = B8AAA03227577B4F005C8730 /* NasaPictures.app */;
			productType = "com.apple.product-type.application";
		};
/* End PBXNativeTarget section */

/* Begin PBXProject section */
		B8AAA02A27577B4F005C8730 /* Project object */ = {
			isa = PBXProject;
			attributes = {
				BuildIndependentTargetsInParallel = 1;
				LastSwiftUpdateCheck = 1310;
				LastUpgradeCheck = 1310;
				TargetAttributes = {
					B8AAA03127577B4F005C8730 = {
						CreatedOnToolsVersion = 13.1;
					};
				};
			};
			buildConfigurationList = B8AAA02D27577B4F005C8730 /* Build configuration list for PBXProject "NasaPictures" */;
			compatibilityVersion = "Xcode 13.0";
			developmentRegion = en;
			hasScannedForEncodings = 0;
			knownRegions = (
				en,
				Base,
			);
			mainGroup = B8AAA02927577B4F005C8730;
			productRefGroup = B8AAA03327577B4F005C8730 /* Products */;
			projectDirPath = "";
			projectRoot = "";
			targets = (
				B8AAA03127577B4F005C8730 /* NasaPictures */,
			);
		};
/* End PBXProject section */

/* Begin PBXResourcesBuildPhase section */
		B8AAA03027577B4F005C8730 /* Resources */ = {
			isa = PBXResourcesBuildPhase;
			buildActionMask = 2147483647;
			files = (
				B8AAA05F27578165005C8730 /* Nasa.ttf in Resources */,
				B8AAA06C2757A38E005C8730 /* PopupVC.xib in Resources */,
				B8AAA0732757BADE005C8730 /* TabbarVC.storyboard in Resources */,
				B8AAA04227577B51005C8730 /* LaunchScreen.storyboard in Resources */,
				B8AAA03F27577B51005C8730 /* Assets.xcassets in Resources */,
				B8AAA08F2757C842005C8730 /* OpportunityVC.storyboard in Resources */,
				B8AAA0832757BC6F005C8730 /* SpiritVC.storyboard in Resources */,
				B8AAA0792757BBB4005C8730 /* CuriosityVC.storyboard in Resources */,
				B8E839692757FD500040D9E5 /* CollectionViewCell.xib in Resources */,
			);
			runOnlyForDeploymentPostprocessing = 0;
		};
/* End PBXResourcesBuildPhase section */

/* Begin PBXShellScriptBuildPhase section */
		014038E9DB226CA4EE3B2CE9 /* [CP] Check Pods Manifest.lock */ = {
			isa = PBXShellScriptBuildPhase;
			buildActionMask = 2147483647;
			files = (
			);
			inputFileListPaths = (
			);
			inputPaths = (
				"${PODS_PODFILE_DIR_PATH}/Podfile.lock",
				"${PODS_ROOT}/Manifest.lock",
			);
			name = "[CP] Check Pods Manifest.lock";
			outputFileListPaths = (
			);
			outputPaths = (
				"$(DERIVED_FILE_DIR)/Pods-NasaPictures-checkManifestLockResult.txt",
			);
			runOnlyForDeploymentPostprocessing = 0;
			shellPath = /bin/sh;
			shellScript = "diff \"${PODS_PODFILE_DIR_PATH}/Podfile.lock\" \"${PODS_ROOT}/Manifest.lock\" > /dev/null\nif [ $? != 0 ] ; then\n    # print error to STDERR\n    echo \"error: The sandbox is not in sync with the Podfile.lock. Run 'pod install' or update your CocoaPods installation.\" >&2\n    exit 1\nfi\n# This output is used by Xcode 'outputs' to avoid re-running this script phase.\necho \"SUCCESS\" > \"${SCRIPT_OUTPUT_FILE_0}\"\n";
			showEnvVarsInLog = 0;
		};
		28C6AF4D1FB15D225506F450 /* [CP] Embed Pods Frameworks */ = {
			isa = PBXShellScriptBuildPhase;
			buildActionMask = 2147483647;
			files = (
			);
			inputFileListPaths = (
				"${PODS_ROOT}/Target Support Files/Pods-NasaPictures/Pods-NasaPictures-frameworks-${CONFIGURATION}-input-files.xcfilelist",
			);
			name = "[CP] Embed Pods Frameworks";
			outputFileListPaths = (
				"${PODS_ROOT}/Target Support Files/Pods-NasaPictures/Pods-NasaPictures-frameworks-${CONFIGURATION}-output-files.xcfilelist",
			);
			runOnlyForDeploymentPostprocessing = 0;
			shellPath = /bin/sh;
			shellScript = "\"${PODS_ROOT}/Target Support Files/Pods-NasaPictures/Pods-NasaPictures-frameworks.sh\"\n";
			showEnvVarsInLog = 0;
		};
/* End PBXShellScriptBuildPhase section */

/* Begin PBXSourcesBuildPhase section */
		B8AAA02E27577B4F005C8730 /* Sources */ = {
			isa = PBXSourcesBuildPhase;
			buildActionMask = 2147483647;
			files = (
				B8E839612757FACA0040D9E5 /* CuriosityViewModel.swift in Sources */,
				B8E839632757FADD0040D9E5 /* CuriosityModel.swift in Sources */,
				B8E8396B2757FD620040D9E5 /* CollectionViewCell.swift in Sources */,
				B8E8395B2757F0FF0040D9E5 /* CuriosityNC.swift in Sources */,
				B8AAA0872757BC90005C8730 /* SpiritBuilder.swift in Sources */,
				B8AAA05127577C6D005C8730 /* AppContainer.swift in Sources */,
				B8AAA06427579E76005C8730 /* BaseResponseModel.swift in Sources */,
				B8AAA0772757BBA6005C8730 /* CuriosityVC.swift in Sources */,
				B8E839662757FB100040D9E5 /* CuriosityContracts.swift in Sources */,
				B8AAA0712757BAC0005C8730 /* TabbarVC.swift in Sources */,
				B8AAA0752757BB49005C8730 /* TabbarBuilder.swift in Sources */,
				B8AAA05D27577D17005C8730 /* UIFontExtension.swift in Sources */,
				B8AAA0932757C85A005C8730 /* OpportunityBuilder.swift in Sources */,
				B8E8395D2757F8080040D9E5 /* OpportunityNC.swift in Sources */,
				B8AAA06227579E65005C8730 /* AppService.swift in Sources */,
				B8AAA0912757C851005C8730 /* OpportunityVC.swift in Sources */,
				B8AAA07B2757BBC4005C8730 /* CuriosityBuilder.swift in Sources */,
				B8AAA03627577B4F005C8730 /* AppDelegate.swift in Sources */,
				B8AAA05327577C75005C8730 /* AppRouter.swift in Sources */,
				B8AAA05B27577D0B005C8730 /* UIColorExtension.swift in Sources */,
				B8E839552757CB0E0040D9E5 /* Result.swift in Sources */,
				B8E8395F2757F82B0040D9E5 /* SpiritNC.swift in Sources */,
				B8AAA06A2757A378005C8730 /* PopupVC.swift in Sources */,
				B8AAA0852757BC84005C8730 /* SpiritVC.swift in Sources */,
			);
			runOnlyForDeploymentPostprocessing = 0;
		};
/* End PBXSourcesBuildPhase section */

/* Begin PBXVariantGroup section */
		B8AAA04027577B51005C8730 /* LaunchScreen.storyboard */ = {
			isa = PBXVariantGroup;
			children = (
				B8AAA04127577B51005C8730 /* Base */,
			);
			name = LaunchScreen.storyboard;
			sourceTree = "<group>";
		};
/* End PBXVariantGroup section */

/* Begin XCBuildConfiguration section */
		B8AAA04427577B51005C8730 /* Debug */ = {
			isa = XCBuildConfiguration;
			buildSettings = {
				ALWAYS_SEARCH_USER_PATHS = NO;
				CLANG_ANALYZER_NONNULL = YES;
				CLANG_ANALYZER_NUMBER_OBJECT_CONVERSION = YES_AGGRESSIVE;
				CLANG_CXX_LANGUAGE_STANDARD = "gnu++17";
				CLANG_CXX_LIBRARY = "libc++";
				CLANG_ENABLE_MODULES = YES;
				CLANG_ENABLE_OBJC_ARC = YES;
				CLANG_ENABLE_OBJC_WEAK = YES;
				CLANG_WARN_BLOCK_CAPTURE_AUTORELEASING = YES;
				CLANG_WARN_BOOL_CONVERSION = YES;
				CLANG_WARN_COMMA = YES;
				CLANG_WARN_CONSTANT_CONVERSION = YES;
				CLANG_WARN_DEPRECATED_OBJC_IMPLEMENTATIONS = YES;
				CLANG_WARN_DIRECT_OBJC_ISA_USAGE = YES_ERROR;
				CLANG_WARN_DOCUMENTATION_COMMENTS = YES;
				CLANG_WARN_EMPTY_BODY = YES;
				CLANG_WARN_ENUM_CONVERSION = YES;
				CLANG_WARN_INFINITE_RECURSION = YES;
				CLANG_WARN_INT_CONVERSION = YES;
				CLANG_WARN_NON_LITERAL_NULL_CONVERSION = YES;
				CLANG_WARN_OBJC_IMPLICIT_RETAIN_SELF = YES;
				CLANG_WARN_OBJC_LITERAL_CONVERSION = YES;
				CLANG_WARN_OBJC_ROOT_CLASS = YES_ERROR;
				CLANG_WARN_QUOTED_INCLUDE_IN_FRAMEWORK_HEADER = YES;
				CLANG_WARN_RANGE_LOOP_ANALYSIS = YES;
				CLANG_WARN_STRICT_PROTOTYPES = YES;
				CLANG_WARN_SUSPICIOUS_MOVE = YES;
				CLANG_WARN_UNGUARDED_AVAILABILITY = YES_AGGRESSIVE;
				CLANG_WARN_UNREACHABLE_CODE = YES;
				CLANG_WARN__DUPLICATE_METHOD_MATCH = YES;
				COPY_PHASE_STRIP = NO;
				DEBUG_INFORMATION_FORMAT = dwarf;
				ENABLE_STRICT_OBJC_MSGSEND = YES;
				ENABLE_TESTABILITY = YES;
				GCC_C_LANGUAGE_STANDARD = gnu11;
				GCC_DYNAMIC_NO_PIC = NO;
				GCC_NO_COMMON_BLOCKS = YES;
				GCC_OPTIMIZATION_LEVEL = 0;
				GCC_PREPROCESSOR_DEFINITIONS = (
					"DEBUG=1",
					"$(inherited)",
				);
				GCC_WARN_64_TO_32_BIT_CONVERSION = YES;
				GCC_WARN_ABOUT_RETURN_TYPE = YES_ERROR;
				GCC_WARN_UNDECLARED_SELECTOR = YES;
				GCC_WARN_UNINITIALIZED_AUTOS = YES_AGGRESSIVE;
				GCC_WARN_UNUSED_FUNCTION = YES;
				GCC_WARN_UNUSED_VARIABLE = YES;
				IPHONEOS_DEPLOYMENT_TARGET = 15.0;
				MTL_ENABLE_DEBUG_INFO = INCLUDE_SOURCE;
				MTL_FAST_MATH = YES;
				ONLY_ACTIVE_ARCH = YES;
				SDKROOT = iphoneos;
				SWIFT_ACTIVE_COMPILATION_CONDITIONS = DEBUG;
				SWIFT_OPTIMIZATION_LEVEL = "-Onone";
			};
			name = Debug;
		};
		B8AAA04527577B51005C8730 /* Release */ = {
			isa = XCBuildConfiguration;
			buildSettings = {
				ALWAYS_SEARCH_USER_PATHS = NO;
				CLANG_ANALYZER_NONNULL = YES;
				CLANG_ANALYZER_NUMBER_OBJECT_CONVERSION = YES_AGGRESSIVE;
				CLANG_CXX_LANGUAGE_STANDARD = "gnu++17";
				CLANG_CXX_LIBRARY = "libc++";
				CLANG_ENABLE_MODULES = YES;
				CLANG_ENABLE_OBJC_ARC = YES;
				CLANG_ENABLE_OBJC_WEAK = YES;
				CLANG_WARN_BLOCK_CAPTURE_AUTORELEASING = YES;
				CLANG_WARN_BOOL_CONVERSION = YES;
				CLANG_WARN_COMMA = YES;
				CLANG_WARN_CONSTANT_CONVERSION = YES;
				CLANG_WARN_DEPRECATED_OBJC_IMPLEMENTATIONS = YES;
				CLANG_WARN_DIRECT_OBJC_ISA_USAGE = YES_ERROR;
				CLANG_WARN_DOCUMENTATION_COMMENTS = YES;
				CLANG_WARN_EMPTY_BODY = YES;
				CLANG_WARN_ENUM_CONVERSION = YES;
				CLANG_WARN_INFINITE_RECURSION = YES;
				CLANG_WARN_INT_CONVERSION = YES;
				CLANG_WARN_NON_LITERAL_NULL_CONVERSION = YES;
				CLANG_WARN_OBJC_IMPLICIT_RETAIN_SELF = YES;
				CLANG_WARN_OBJC_LITERAL_CONVERSION = YES;
				CLANG_WARN_OBJC_ROOT_CLASS = YES_ERROR;
				CLANG_WARN_QUOTED_INCLUDE_IN_FRAMEWORK_HEADER = YES;
				CLANG_WARN_RANGE_LOOP_ANALYSIS = YES;
				CLANG_WARN_STRICT_PROTOTYPES = YES;
				CLANG_WARN_SUSPICIOUS_MOVE = YES;
				CLANG_WARN_UNGUARDED_AVAILABILITY = YES_AGGRESSIVE;
				CLANG_WARN_UNREACHABLE_CODE = YES;
				CLANG_WARN__DUPLICATE_METHOD_MATCH = YES;
				COPY_PHASE_STRIP = NO;
				DEBUG_INFORMATION_FORMAT = "dwarf-with-dsym";
				ENABLE_NS_ASSERTIONS = NO;
				ENABLE_STRICT_OBJC_MSGSEND = YES;
				GCC_C_LANGUAGE_STANDARD = gnu11;
				GCC_NO_COMMON_BLOCKS = YES;
				GCC_WARN_64_TO_32_BIT_CONVERSION = YES;
				GCC_WARN_ABOUT_RETURN_TYPE = YES_ERROR;
				GCC_WARN_UNDECLARED_SELECTOR = YES;
				GCC_WARN_UNINITIALIZED_AUTOS = YES_AGGRESSIVE;
				GCC_WARN_UNUSED_FUNCTION = YES;
				GCC_WARN_UNUSED_VARIABLE = YES;
				IPHONEOS_DEPLOYMENT_TARGET = 15.0;
				MTL_ENABLE_DEBUG_INFO = NO;
				MTL_FAST_MATH = YES;
				SDKROOT = iphoneos;
				SWIFT_COMPILATION_MODE = wholemodule;
				SWIFT_OPTIMIZATION_LEVEL = "-O";
				VALIDATE_PRODUCT = YES;
			};
			name = Release;
		};
		B8AAA04727577B51005C8730 /* Debug */ = {
			isa = XCBuildConfiguration;
			baseConfigurationReference = 34C03DCE8FC933AC976F2628 /* Pods-NasaPictures.debug.xcconfig */;
			buildSettings = {
				ASSETCATALOG_COMPILER_APPICON_NAME = AppIcon;
				ASSETCATALOG_COMPILER_GLOBAL_ACCENT_COLOR_NAME = AccentColor;
				CODE_SIGN_STYLE = Automatic;
				CURRENT_PROJECT_VERSION = 1;
				DEVELOPMENT_TEAM = MM2C8HD34J;
				GENERATE_INFOPLIST_FILE = YES;
				INFOPLIST_FILE = NasaPictures/SupportingFiles/Info.plist;
				INFOPLIST_KEY_UIApplicationSupportsIndirectInputEvents = YES;
				INFOPLIST_KEY_UILaunchStoryboardName = LaunchScreen;
				INFOPLIST_KEY_UISupportedInterfaceOrientations_iPad = "UIInterfaceOrientationPortrait UIInterfaceOrientationPortraitUpsideDown UIInterfaceOrientationLandscapeLeft UIInterfaceOrientationLandscapeRight";
				INFOPLIST_KEY_UISupportedInterfaceOrientations_iPhone = "UIInterfaceOrientationPortrait UIInterfaceOrientationLandscapeLeft UIInterfaceOrientationLandscapeRight";
				LD_RUNPATH_SEARCH_PATHS = (
					"$(inherited)",
					"@executable_path/Frameworks",
				);
				MARKETING_VERSION = 1.0;
				PRODUCT_BUNDLE_IDENTIFIER = com.dikranteymur.NasaPictures;
				PRODUCT_NAME = "$(TARGET_NAME)";
				SWIFT_EMIT_LOC_STRINGS = YES;
				SWIFT_VERSION = 5.0;
				TARGETED_DEVICE_FAMILY = "1,2";
			};
			name = Debug;
		};
		B8AAA04827577B51005C8730 /* Release */ = {
			isa = XCBuildConfiguration;
			baseConfigurationReference = 69D9FC98CEE1BE85C7DBE9E5 /* Pods-NasaPictures.release.xcconfig */;
			buildSettings = {
				ASSETCATALOG_COMPILER_APPICON_NAME = AppIcon;
				ASSETCATALOG_COMPILER_GLOBAL_ACCENT_COLOR_NAME = AccentColor;
				CODE_SIGN_STYLE = Automatic;
				CURRENT_PROJECT_VERSION = 1;
				DEVELOPMENT_TEAM = MM2C8HD34J;
				GENERATE_INFOPLIST_FILE = YES;
				INFOPLIST_FILE = NasaPictures/SupportingFiles/Info.plist;
				INFOPLIST_KEY_UIApplicationSupportsIndirectInputEvents = YES;
				INFOPLIST_KEY_UILaunchStoryboardName = LaunchScreen;
				INFOPLIST_KEY_UISupportedInterfaceOrientations_iPad = "UIInterfaceOrientationPortrait UIInterfaceOrientationPortraitUpsideDown UIInterfaceOrientationLandscapeLeft UIInterfaceOrientationLandscapeRight";
				INFOPLIST_KEY_UISupportedInterfaceOrientations_iPhone = "UIInterfaceOrientationPortrait UIInterfaceOrientationLandscapeLeft UIInterfaceOrientationLandscapeRight";
				LD_RUNPATH_SEARCH_PATHS = (
					"$(inherited)",
					"@executable_path/Frameworks",
				);
				MARKETING_VERSION = 1.0;
				PRODUCT_BUNDLE_IDENTIFIER = com.dikranteymur.NasaPictures;
				PRODUCT_NAME = "$(TARGET_NAME)";
				SWIFT_EMIT_LOC_STRINGS = YES;
				SWIFT_VERSION = 5.0;
				TARGETED_DEVICE_FAMILY = "1,2";
			};
			name = Release;
		};
/* End XCBuildConfiguration section */

/* Begin XCConfigurationList section */
		B8AAA02D27577B4F005C8730 /* Build configuration list for PBXProject "NasaPictures" */ = {
			isa = XCConfigurationList;
			buildConfigurations = (
				B8AAA04427577B51005C8730 /* Debug */,
				B8AAA04527577B51005C8730 /* Release */,
			);
			defaultConfigurationIsVisible = 0;
			defaultConfigurationName = Release;
		};
		B8AAA04627577B51005C8730 /* Build configuration list for PBXNativeTarget "NasaPictures" */ = {
			isa = XCConfigurationList;
			buildConfigurations = (
				B8AAA04727577B51005C8730 /* Debug */,
				B8AAA04827577B51005C8730 /* Release */,
			);
			defaultConfigurationIsVisible = 0;
			defaultConfigurationName = Release;
		};
/* End XCConfigurationList section */
	};
	rootObject = B8AAA02A27577B4F005C8730 /* Project object */;
}
